
Microsoft Visual Studio Solution File, Format Version 12.00
# Visual Studio Version 17
VisualStudioVersion = 17.3.32901.215
MinimumVisualStudioVersion = 10.0.40219.1
Project("{2150E333-8FDC-42A3-9474-1A3956D46DE8}") = "Domain", "Domain", "{60CE240F-5812-4D43-AFD2-6909D408CF42}"
EndProject
Project("{2150E333-8FDC-42A3-9474-1A3956D46DE8}") = "Infra.Bus", "Infra.Bus", "{56A5EA82-865E-40D8-A164-523F59A83D3D}"
EndProject
Project("{2150E333-8FDC-42A3-9474-1A3956D46DE8}") = "Infra.IoC", "Infra.IoC", "{CE778C33-E3E7-4C23-A118-255CE394E502}"
EndProject
Project("{2150E333-8FDC-42A3-9474-1A3956D46DE8}") = "Microservices", "Microservices", "{4B7FD656-30AC-4278-AF41-641E5B15A801}"
EndProject
Project("{2150E333-8FDC-42A3-9474-1A3956D46DE8}") = "Prsentation", "Prsentation", "{EAF8ADB2-8DCE-480D-9B4B-6CA5C14D47CA}"
EndProject
Project("{9A19103F-16F7-4668-BE54-9A1E7A4F7556}") = "Patite.Domain", "Patite.Domain\Patite.Domain.csproj", "{23DE20E0-2467-4BB6-8A96-646954445F25}"
EndProject
Project("{9A19103F-16F7-4668-BE54-9A1E7A4F7556}") = "Patite.Infra.Bus", "Patite.Infra.Bus\Patite.Infra.Bus.csproj", "{77815F66-70FA-425E-A287-5C02BC68655F}"
EndProject
Project("{9A19103F-16F7-4668-BE54-9A1E7A4F7556}") = "Patite.Infra.IoC", "Patite.Infra.IoC\Patite.Infra.IoC.csproj", "{670530C8-12F9-4833-B62B-5C5CFCF55DAC}"
EndProject
Project("{2150E333-8FDC-42A3-9474-1A3956D46DE8}") = "Banking", "Banking", "{D47FC6D8-3D41-4119-AFDD-7A08AE38C0AA}"
EndProject
Project("{2150E333-8FDC-42A3-9474-1A3956D46DE8}") = "Api", "Api", "{A1BED756-0DB2-4024-AC74-1964161FDC60}"
EndProject
Project("{2150E333-8FDC-42A3-9474-1A3956D46DE8}") = "Application", "Application", "{E07AAED6-A06D-4CA0-8128-C815E7712E22}"
EndProject
Project("{2150E333-8FDC-42A3-9474-1A3956D46DE8}") = "Data", "Data", "{57F254DC-FE36-4A35-834D-E2F466396A1B}"
EndProject
Project("{2150E333-8FDC-42A3-9474-1A3956D46DE8}") = "Domain", "Domain", "{3C5BCF26-99F1-432E-B483-4CCE1A3961C0}"
EndProject
Project("{9A19103F-16F7-4668-BE54-9A1E7A4F7556}") = "Patite.Microservice.Banking.Api", "Patite.Microservice.Banking.Api\Patite.Microservice.Banking.Api.csproj", "{10F339D6-1647-4B9C-89CA-56ED0BB94F8C}"
EndProject
Project("{9A19103F-16F7-4668-BE54-9A1E7A4F7556}") = "Patite.Microservice.Banking.Domain", "Patite.Microservice.Banking.Domain\Patite.Microservice.Banking.Domain.csproj", "{EF8839A1-4686-46EB-9E7C-470C15D70490}"
EndProject
Project("{FAE04EC0-301F-11D3-BF4B-00C04F79EFBC}") = "Patite.Microservice.Banking.Data", "Patite.Microservice.Banking.Data\Patite.Microservice.Banking.Data.csproj", "{AD7E5179-9009-4D2E-9DC3-ECF169A091FA}"
EndProject
Project("{9A19103F-16F7-4668-BE54-9A1E7A4F7556}") = "Patite.Microservice.Banking.Application", "Patite.Microservice.Banking.Application\Patite.Microservice.Banking.Application.csproj", "{AAF64561-A5CF-4C89-AE7C-37EF75F4CE20}"
EndProject
Global
	GlobalSection(SolutionConfigurationPlatforms) = preSolution
		Debug|Any CPU = Debug|Any CPU
		Release|Any CPU = Release|Any CPU
	EndGlobalSection
	GlobalSection(ProjectConfigurationPlatforms) = postSolution
		{23DE20E0-2467-4BB6-8A96-646954445F25}.Debug|Any CPU.ActiveCfg = Debug|Any CPU
		{23DE20E0-2467-4BB6-8A96-646954445F25}.Debug|Any CPU.Build.0 = Debug|Any CPU
		{23DE20E0-2467-4BB6-8A96-646954445F25}.Release|Any CPU.ActiveCfg = Release|Any CPU
		{23DE20E0-2467-4BB6-8A96-646954445F25}.Release|Any CPU.Build.0 = Release|Any CPU
		{77815F66-70FA-425E-A287-5C02BC68655F}.Debug|Any CPU.ActiveCfg = Debug|Any CPU
		{77815F66-70FA-425E-A287-5C02BC68655F}.Debug|Any CPU.Build.0 = Debug|Any CPU
		{77815F66-70FA-425E-A287-5C02BC68655F}.Release|Any CPU.ActiveCfg = Release|Any CPU
		{77815F66-70FA-425E-A287-5C02BC68655F}.Release|Any CPU.Build.0 = Release|Any CPU
		{670530C8-12F9-4833-B62B-5C5CFCF55DAC}.Debug|Any CPU.ActiveCfg = Debug|Any CPU
		{670530C8-12F9-4833-B62B-5C5CFCF55DAC}.Debug|Any CPU.Build.0 = Debug|Any CPU
		{670530C8-12F9-4833-B62B-5C5CFCF55DAC}.Release|Any CPU.ActiveCfg = Release|Any CPU
		{670530C8-12F9-4833-B62B-5C5CFCF55DAC}.Release|Any CPU.Build.0 = Release|Any CPU
		{10F339D6-1647-4B9C-89CA-56ED0BB94F8C}.Debug|Any CPU.ActiveCfg = Debug|Any CPU
		{10F339D6-1647-4B9C-89CA-56ED0BB94F8C}.Debug|Any CPU.Build.0 = Debug|Any CPU
		{10F339D6-1647-4B9C-89CA-56ED0BB94F8C}.Release|Any CPU.ActiveCfg = Release|Any CPU
		{10F339D6-1647-4B9C-89CA-56ED0BB94F8C}.Release|Any CPU.Build.0 = Release|Any CPU
		{EF8839A1-4686-46EB-9E7C-470C15D70490}.Debug|Any CPU.ActiveCfg = Debug|Any CPU
		{EF8839A1-4686-46EB-9E7C-470C15D70490}.Debug|Any CPU.Build.0 = Debug|Any CPU
		{EF8839A1-4686-46EB-9E7C-470C15D70490}.Release|Any CPU.ActiveCfg = Release|Any CPU
		{EF8839A1-4686-46EB-9E7C-470C15D70490}.Release|Any CPU.Build.0 = Release|Any CPU
		{AD7E5179-9009-4D2E-9DC3-ECF169A091FA}.Debug|Any CPU.ActiveCfg = Debug|Any CPU
		{AD7E5179-9009-4D2E-9DC3-ECF169A091FA}.Debug|Any CPU.Build.0 = Debug|Any CPU
		{AD7E5179-9009-4D2E-9DC3-ECF169A091FA}.Release|Any CPU.ActiveCfg = Release|Any CPU
		{AD7E5179-9009-4D2E-9DC3-ECF169A091FA}.Release|Any CPU.Build.0 = Release|Any CPU
		{AAF64561-A5CF-4C89-AE7C-37EF75F4CE20}.Debug|Any CPU.ActiveCfg = Debug|Any CPU
		{AAF64561-A5CF-4C89-AE7C-37EF75F4CE20}.Debug|Any CPU.Build.0 = Debug|Any CPU
		{AAF64561-A5CF-4C89-AE7C-37EF75F4CE20}.Release|Any CPU.ActiveCfg = Release|Any CPU
		{AAF64561-A5CF-4C89-AE7C-37EF75F4CE20}.Release|Any CPU.Build.0 = Release|Any CPU
	EndGlobalSection
	GlobalSection(SolutionProperties) = preSolution
		HideSolutionNode = FALSE
	EndGlobalSection
	GlobalSection(NestedProjects) = preSolution
		{23DE20E0-2467-4BB6-8A96-646954445F25} = {60CE240F-5812-4D43-AFD2-6909D408CF42}
		{77815F66-70FA-425E-A287-5C02BC68655F} = {56A5EA82-865E-40D8-A164-523F59A83D3D}
		{670530C8-12F9-4833-B62B-5C5CFCF55DAC} = {CE778C33-E3E7-4C23-A118-255CE394E502}
		{D47FC6D8-3D41-4119-AFDD-7A08AE38C0AA} = {4B7FD656-30AC-4278-AF41-641E5B15A801}
		{A1BED756-0DB2-4024-AC74-1964161FDC60} = {D47FC6D8-3D41-4119-AFDD-7A08AE38C0AA}
		{E07AAED6-A06D-4CA0-8128-C815E7712E22} = {D47FC6D8-3D41-4119-AFDD-7A08AE38C0AA}
		{57F254DC-FE36-4A35-834D-E2F466396A1B} = {D47FC6D8-3D41-4119-AFDD-7A08AE38C0AA}
		{3C5BCF26-99F1-432E-B483-4CCE1A3961C0} = {D47FC6D8-3D41-4119-AFDD-7A08AE38C0AA}
		{10F339D6-1647-4B9C-89CA-56ED0BB94F8C} = {A1BED756-0DB2-4024-AC74-1964161FDC60}
		{EF8839A1-4686-46EB-9E7C-470C15D70490} = {3C5BCF26-99F1-432E-B483-4CCE1A3961C0}
		{AD7E5179-9009-4D2E-9DC3-ECF169A091FA} = {57F254DC-FE36-4A35-834D-E2F466396A1B}
		{AAF64561-A5CF-4C89-AE7C-37EF75F4CE20} = {E07AAED6-A06D-4CA0-8128-C815E7712E22}
	EndGlobalSection
	GlobalSection(ExtensibilityGlobals) = postSolution
		SolutionGuid = {AAFA0766-0307-4989-914B-89B2F0DCA148}
	EndGlobalSection
EndGlobal
